// !$*UTF8*$!
{
	archiveVersion = 1;
	classes = {
	};
	objectVersion = 46;
	objects = {

/* Begin PBXBuildFile section */
		F3D7BC131B99CC130020165C /* AppDelegate.swift in Sources */ = {isa = PBXBuildFile; fileRef = F3D7BC121B99CC130020165C /* AppDelegate.swift */; };
		F3D7BC151B99CC130020165C /* ViewController.swift in Sources */ = {isa = PBXBuildFile; fileRef = F3D7BC141B99CC130020165C /* ViewController.swift */; };
		F3D7BC181B99CC130020165C /* Main.storyboard in Resources */ = {isa = PBXBuildFile; fileRef = F3D7BC161B99CC130020165C /* Main.storyboard */; };
		F3D7BC1A1B99CC130020165C /* Images.xcassets in Resources */ = {isa = PBXBuildFile; fileRef = F3D7BC191B99CC130020165C /* Images.xcassets */; };
		F3D7BC1D1B99CC130020165C /* LaunchScreen.xib in Resources */ = {isa = PBXBuildFile; fileRef = F3D7BC1B1B99CC130020165C /* LaunchScreen.xib */; };
		F3D7BC291B99CC130020165C /* Test_TableViewTests.swift in Sources */ = {isa = PBXBuildFile; fileRef = F3D7BC281B99CC130020165C /* Test_TableViewTests.swift */; };
/* End PBXBuildFile section */

/* Begin PBXContainerItemProxy section */
		F3D7BC231B99CC130020165C /* PBXContainerItemProxy */ = {
			isa = PBXContainerItemProxy;
			containerPortal = F3D7BC051B99CC130020165C /* Project object */;
			proxyType = 1;
			remoteGlobalIDString = F3D7BC0C1B99CC130020165C;
			remoteInfo = Test_TableView;
		};
/* End PBXContainerItemProxy section */

/* Begin PBXFileReference section */
		F3D7BC0D1B99CC130020165C /* Test_TableView.app */ = {isa = PBXFileReference; explicitFileType = wrapper.application; includeInIndex = 0; path = Test_TableView.app; sourceTree = BUILT_PRODUCTS_DIR; };
		F3D7BC111B99CC130020165C /* Info.plist */ = {isa = PBXFileReference; lastKnownFileType = text.plist.xml; path = Info.plist; sourceTree = "<group>"; };
		F3D7BC121B99CC130020165C /* AppDelegate.swift */ = {isa = PBXFileReference; lastKnownFileType = sourcecode.swift; path = AppDelegate.swift; sourceTree = "<group>"; };
		F3D7BC141B99CC130020165C /* ViewController.swift */ = {isa = PBXFileReference; lastKnownFileType = sourcecode.swift; path = ViewController.swift; sourceTree = "<group>"; };
		F3D7BC171B99CC130020165C /* Base */ = {isa = PBXFileReference; lastKnownFileType = file.storyboard; name = Base; path = Base.lproj/Main.storyboard; sourceTree = "<group>"; };
		F3D7BC191B99CC130020165C /* Images.xcassets */ = {isa = PBXFileReference; lastKnownFileType = folder.assetcatalog; path = Images.xcassets; sourceTree = "<group>"; };
		F3D7BC1C1B99CC130020165C /* Base */ = {isa = PBXFileReference; lastKnownFileType = file.xib; name = Base; path = Base.lproj/LaunchScreen.xib; sourceTree = "<group>"; };
		F3D7BC221B99CC130020165C /* Test_TableViewTests.xctest */ = {isa = PBXFileReference; explicitFileType = wrapper.cfbundle; includeInIndex = 0; path = Test_TableViewTests.xctest; sourceTree = BUILT_PRODUCTS_DIR; };
		F3D7BC271B99CC130020165C /* Info.plist */ = {isa = PBXFileReference; lastKnownFileType = text.plist.xml; path = Info.plist; sourceTree = "<group>"; };
		F3D7BC281B99CC130020165C /* Test_TableViewTests.swift */ = {isa = PBXFileReference; lastKnownFileType = sourcecode.swift; path = Test_TableViewTests.swift; sourceTree = "<group>"; };
/* End PBXFileReference section */

/* Begin PBXFrameworksBuildPhase section */
		F3D7BC0A1B99CC130020165C /* Frameworks */ = {
			isa = PBXFrameworksBuildPhase;
			buildActionMask = 2147483647;
			files = (
			);
			runOnlyForDeploymentPostprocessing = 0;
		};
		F3D7BC1F1B99CC130020165C /* Frameworks */ = {
			isa = PBXFrameworksBuildPhase;
			buildActionMask = 2147483647;
			files = (
			);
			runOnlyForDeploymentPostprocessing = 0;
		};
/* End PBXFrameworksBuildPhase section */

/* Begin PBXGroup section */
		F3D7BC041B99CC130020165C = {
			isa = PBXGroup;
			children = (
				F3D7BC0F1B99CC130020165C /* Test_TableView */,
				F3D7BC251B99CC130020165C /* Test_TableViewTests */,
				F3D7BC0E1B99CC130020165C /* Products */,
			);
			sourceTree = "<group>";
		};
		F3D7BC0E1B99CC130020165C /* Products */ = {
			isa = PBXGroup;
			children = (
				F3D7BC0D1B99CC130020165C /* Test_TableView.app */,
				F3D7BC221B99CC130020165C /* Test_TableViewTests.xctest */,
			);
			name = Products;
			sourceTree = "<group>";
		};
		F3D7BC0F1B99CC130020165C /* Test_TableView */ = {
			isa = PBXGroup;
			children = (
				F3D7BC121B99CC130020165C /* AppDelegate.swift */,
				F3D7BC141B99CC130020165C /* ViewController.swift */,
				F3D7BC161B99CC130020165C /* Main.storyboard */,
				F3D7BC191B99CC130020165C /* Images.xcassets */,
				F3D7BC1B1B99CC130020165C /* LaunchScreen.xib */,
				F3D7BC101B99CC130020165C /* Supporting Files */,
			);
			path = Test_TableView;
			sourceTree = "<group>";
		};
		F3D7BC101B99CC130020165C /* Supporting Files */ = {
			isa = PBXGroup;
			children = (
				F3D7BC111B99CC130020165C /* Info.plist */,
			);
			name = "Supporting Files";
			sourceTree = "<group>";
		};
		F3D7BC251B99CC130020165C /* Test_TableViewTests */ = {
			isa = PBXGroup;
			children = (
				F3D7BC281B99CC130020165C /* Test_TableViewTests.swift */,
				F3D7BC261B99CC130020165C /* Supporting Files */,
			);
			path = Test_TableViewTests;
			sourceTree = "<group>";
		};
		F3D7BC261B99CC130020165C /* Supporting Files */ = {
			isa = PBXGroup;
			children = (
				F3D7BC271B99CC130020165C /* Info.plist */,
			);
			name = "Supporting Files";
			sourceTree = "<group>";
		};
/* End PBXGroup section */

/* Begin PBXNativeTarget section */
		F3D7BC0C1B99CC130020165C /* Test_TableView */ = {
			isa = PBXNativeTarget;
			buildConfigurationList = F3D7BC2C1B99CC130020165C /* Build configuration list for PBXNativeTarget "Test_TableView" */;
			buildPhases = (
				F3D7BC091B99CC130020165C /* Sources */,
				F3D7BC0A1B99CC130020165C /* Frameworks */,
				F3D7BC0B1B99CC130020165C /* Resources */,
			);
			buildRules = (
			);
			dependencies = (
			);
			name = Test_TableView;
			productName = Test_TableView;
			productReference = F3D7BC0D1B99CC130020165C /* Test_TableView.app */;
			productType = "com.apple.product-type.application";
		};
		F3D7BC211B99CC130020165C /* Test_TableViewTests */ = {
			isa = PBXNativeTarget;
			buildConfigurationList = F3D7BC2F1B99CC130020165C /* Build configuration list for PBXNativeTarget "Test_TableViewTests" */;
			buildPhases = (
				F3D7BC1E1B99CC130020165C /* Sources */,
				F3D7BC1F1B99CC130020165C /* Frameworks */,
				F3D7BC201B99CC130020165C /* Resources */,
			);
			buildRules = (
			);
			dependencies = (
				F3D7BC241B99CC130020165C /* PBXTargetDependency */,
			);
			name = Test_TableViewTests;
			productName = Test_TableViewTests;
			productReference = F3D7BC221B99CC130020165C /* Test_TableViewTests.xctest */;
			productType = "com.apple.product-type.bundle.unit-test";
		};
/* End PBXNativeTarget section */

/* Begin PBXProject section */
		F3D7BC051B99CC130020165C /* Project object */ = {
			isa = PBXProject;
			attributes = {
				LastUpgradeCheck = 0640;
				ORGANIZATIONNAME = SPEDK12;
				TargetAttributes = {
					F3D7BC0C1B99CC130020165C = {
						CreatedOnToolsVersion = 6.4;
					};
					F3D7BC211B99CC130020165C = {
						CreatedOnToolsVersion = 6.4;
						TestTargetID = F3D7BC0C1B99CC130020165C;
					};
				};
			};
			buildConfigurationList = F3D7BC081B99CC130020165C /* Build configuration list for PBXProject "Test_TableView" */;
			compatibilityVersion = "Xcode 3.2";
			developmentRegion = English;
			hasScannedForEncodings = 0;
			knownRegions = (
				en,
				Base,
			);
			mainGroup = F3D7BC041B99CC130020165C;
			productRefGroup = F3D7BC0E1B99CC130020165C /* Products */;
			projectDirPath = "";
			projectRoot = "";
			targets = (
				F3D7BC0C1B99CC130020165C /* Test_TableView */,
				F3D7BC211B99CC130020165C /* Test_TableViewTests */,
			);
		};
/* End PBXProject section */

/* Begin PBXResourcesBuildPhase section */
		F3D7BC0B1B99CC130020165C /* Resources */ = {
			isa = PBXResourcesBuildPhase;
			buildActionMask = 2147483647;
			files = (
				F3D7BC181B99CC130020165C /* Main.storyboard in Resources */,
				F3D7BC1D1B99CC130020165C /* LaunchScreen.xib in Resources */,
				F3D7BC1A1B99CC130020165C /* Images.xcassets in Resources */,
			);
			runOnlyForDeploymentPostprocessing = 0;
		};
		F3D7BC201B99CC130020165C /* Resources */ = {
			isa = PBXResourcesBuildPhase;
			buildActionMask = 2147483647;
			files = (
			);
			runOnlyForDeploymentPostprocessing = 0;
		};
/* End PBXResourcesBuildPhase section */

/* Begin PBXSourcesBuildPhase section */
		F3D7BC091B99CC130020165C /* Sources */ = {
			isa = PBXSourcesBuildPhase;
			buildActionMask = 2147483647;
			files = (
				F3D7BC151B99CC130020165C /* ViewController.swift in Sources */,
				F3D7BC131B99CC130020165C /* AppDelegate.swift in Sources */,
			);
			runOnlyForDeploymentPostprocessing = 0;
		};
		F3D7BC1E1B99CC130020165C /* Sources */ = {
			isa = PBXSourcesBuildPhase;
			buildActionMask = 2147483647;
			files = (
				F3D7BC291B99CC130020165C /* Test_TableViewTests.swift in Sources */,
			);
			runOnlyForDeploymentPostprocessing = 0;
		};
/* End PBXSourcesBuildPhase section */

/* Begin PBXTargetDependency section */
		F3D7BC241B99CC130020165C /* PBXTargetDependency */ = {
			isa = PBXTargetDependency;
			target = F3D7BC0C1B99CC130020165C /* Test_TableView */;
			targetProxy = F3D7BC231B99CC130020165C /* PBXContainerItemProxy */;
		};
/* End PBXTargetDependency section */

/* Begin PBXVariantGroup section */
		F3D7BC161B99CC130020165C /* Main.storyboard */ = {
			isa = PBXVariantGroup;
			children = (
				F3D7BC171B99CC130020165C /* Base */,
			);
			name = Main.storyboard;
			sourceTree = "<group>";
		};
		F3D7BC1B1B99CC130020165C /* LaunchScreen.xib */ = {
			isa = PBXVariantGroup;
			children = (
				F3D7BC1C1B99CC130020165C /* Base */,
			);
			name = LaunchScreen.xib;
			sourceTree = "<group>";
		};
/* End PBXVariantGroup section */

/* Begin XCBuildConfiguration section */
		F3D7BC2A1B99CC130020165C /* Debug */ = {
			isa = XCBuildConfiguration;
			buildSettings = {
				ALWAYS_SEARCH_USER_PATHS = NO;
				CLANG_CXX_LANGUAGE_STANDARD = "gnu++0x";
				CLANG_CXX_LIBRARY = "libc++";
				CLANG_ENABLE_MODULES = YES;
				CLANG_ENABLE_OBJC_ARC = YES;
				CLANG_WARN_BOOL_CONVERSION = YES;
				CLANG_WARN_CONSTANT_CONVERSION = YES;
				CLANG_WARN_DIRECT_OBJC_ISA_USAGE = YES_ERROR;
				CLANG_WARN_EMPTY_BODY = YES;
				CLANG_WARN_ENUM_CONVERSION = YES;
				CLANG_WARN_INT_CONVERSION = YES;
				CLANG_WARN_OBJC_ROOT_CLASS = YES_ERROR;
				CLANG_WARN_UNREACHABLE_CODE = YES;
				CLANG_WARN__DUPLICATE_METHOD_MATCH = YES;
				"CODE_SIGN_IDENTITY[sdk=iphoneos*]" = "iPhone Developer";
				COPY_PHASE_STRIP = NO;
				DEBUG_INFORMATION_FORMAT = "dwarf-with-dsym";
				ENABLE_STRICT_OBJC_MSGSEND = YES;
				GCC_C_LANGUAGE_STANDARD = gnu99;
				GCC_DYNAMIC_NO_PIC = NO;
				GCC_NO_COMMON_BLOCKS = YES;
				GCC_OPTIMIZATION_LEVEL = 0;
				GCC_PREPROCESSOR_DEFINITIONS = (
					"DEBUG=1",
					"$(inherited)",
				);
				GCC_SYMBOLS_PRIVATE_EXTERN = NO;
				GCC_WARN_64_TO_32_BIT_CONVERSION = YES;
				GCC_WARN_ABOUT_RETURN_TYPE = YES_ERROR;
				GCC_WARN_UNDECLARED_SELECTOR = YES;
				GCC_WARN_UNINITIALIZED_AUTOS = YES_AGGRESSIVE;
				GCC_WARN_UNUSED_FUNCTION = YES;
				GCC_WARN_UNUSED_VARIABLE = YES;
				IPHONEOS_DEPLOYMENT_TARGET = 8.4;
				MTL_ENABLE_DEBUG_INFO = YES;
				ONLY_ACTIVE_ARCH = YES;
				SDKROOT = iphoneos;
				SWIFT_OPTIMIZATION_LEVEL = "-Onone";
				TARGETED_DEVICE_FAMILY = 2;
			};
			name = Debug;
		};
		F3D7BC2B1B99CC130020165C /* Release */ = {
			isa = XCBuildConfiguration;
			buildSettings = {
				ALWAYS_SEARCH_USER_PATHS = NO;
				CLANG_CXX_LANGUAGE_STANDARD = "gnu++0x";
				CLANG_CXX_LIBRARY = "libc++";
				CLANG_ENABLE_MODULES = YES;
				CLANG_ENABLE_OBJC_ARC = YES;
				CLANG_WARN_BOOL_CONVERSION = YES;
				CLANG_WARN_CONSTANT_CONVERSION = YES;
				CLANG_WARN_DIRECT_OBJC_ISA_USAGE = YES_ERROR;
				CLANG_WARN_EMPTY_BODY = YES;
				CLANG_WARN_ENUM_CONVERSION = YES;
				CLANG_WARN_INT_CONVERSION = YES;
				CLANG_WARN_OBJC_ROOT_CLASS = YES_ERROR;
				CLANG_WARN_UNREACHABLE_CODE = YES;
				CLANG_WARN__DUPLICATE_METHOD_MATCH = YES;
				"CODE_SIGN_IDENTITY[sdk=iphoneos*]" = "iPhone Developer";
				COPY_PHASE_STRIP = NO;
				DEBUG_INFORMATION_FORMAT = "dwarf-with-dsym";
				ENABLE_NS_ASSERTIONS = NO;
				ENABLE_STRICT_OBJC_MSGSEND = YES;
				GCC_C_LANGUAGE_STANDARD = gnu99;
				GCC_NO_COMMON_BLOCKS = YES;
				GCC_WARN_64_TO_32_BIT_CONVERSION = YES;
				GCC_WARN_ABOUT_RETURN_TYPE = YES_ERROR;
				GCC_WARN_UNDECLARED_SELECTOR = YES;
				GCC_WARN_UNINITIALIZED_AUTOS = YES_AGGRESSIVE;
				GCC_WARN_UNUSED_FUNCTION = YES;
				GCC_WARN_UNUSED_VARIABLE = YES;
				IPHONEOS_DEPLOYMENT_TARGET = 8.4;
				MTL_ENABLE_DEBUG_INFO = NO;
				SDKROOT = iphoneos;
				TARGETED_DEVICE_FAMILY = 2;
				VALIDATE_PRODUCT = YES;
			};
			name = Release;
		};
		F3D7BC2D1B99CC130020165C /* Debug */ = {
			isa = XCBuildConfiguration;
			buildSettings = {
				ASSETCATALOG_COMPILER_APPICON_NAME = AppIcon;
				INFOPLIST_FILE = Test_TableView/Info.plist;
				LD_RUNPATH_SEARCH_PATHS = "$(inherited) @executable_path/Frameworks";
				PRODUCT_NAME = "$(TARGET_NAME)";
			};
			name = Debug;
		};
		F3D7BC2E1B99CC130020165C /* Release */ = {
			isa = XCBuildConfiguration;
			buildSettings = {
				ASSETCATALOG_COMPILER_APPICON_NAME = AppIcon;
				INFOPLIST_FILE = Test_TableView/Info.plist;
				LD_RUNPATH_SEARCH_PATHS = "$(inherited) @executable_path/Frameworks";
				PRODUCT_NAME = "$(TARGET_NAME)";
			};
			name = Release;
		};
		F3D7BC301B99CC130020165C /* Debug */ = {
			isa = XCBuildConfiguration;
			buildSettings = {
				BUNDLE_LOADER = "$(TEST_HOST)";
				FRAMEWORK_SEARCH_PATHS = (
					"$(SDKROOT)/Developer/Library/Frameworks",
					"$(inherited)",
				);
				GCC_PREPROCESSOR_DEFINITIONS = (
					"DEBUG=1",
					"$(inherited)",
				);
				INFOPLIST_FILE = Test_TableViewTests/Info.plist;
				LD_RUNPATH_SEARCH_PATHS = "$(inherited) @executable_path/Frameworks @loader_path/Frameworks";
				PRODUCT_NAME = "$(TARGET_NAME)";
				TEST_HOST = "$(BUILT_PRODUCTS_DIR)/Test_TableView.app/Test_TableView";
			};
			name = Debug;
		};
		F3D7BC311B99CC130020165C /* Release */ = {
			isa = XCBuildConfiguration;
			buildSettings = {
				BUNDLE_LOADER = "$(TEST_HOST)";
				FRAMEWORK_SEARCH_PATHS = (
					"$(SDKROOT)/Developer/Library/Frameworks",
					"$(inherited)",
				);
				INFOPLIST_FILE = Test_TableViewTests/Info.plist;
				LD_RUNPATH_SEARCH_PATHS = "$(inherited) @executable_path/Frameworks @loader_path/Frameworks";
				PRODUCT_NAME = "$(TARGET_NAME)";
				TEST_HOST = "$(BUILT_PRODUCTS_DIR)/Test_TableView.app/Test_TableView";
			};
			name = Release;
		};
/* End XCBuildConfiguration section */

/* Begin XCConfigurationList section */
		F3D7BC081B99CC130020165C /* Build configuration list for PBXProject "Test_TableView" */ = {
			isa = XCConfigurationList;
			buildConfigurations = (
				F3D7BC2A1B99CC130020165C /* Debug */,
				F3D7BC2B1B99CC130020165C /* Release */,
			);
			defaultConfigurationIsVisible = 0;
			defaultConfigurationName = Release;
		};
		F3D7BC2C1B99CC130020165C /* Build configuration list for PBXNativeTarget "Test_TableView" */ = {
			isa = XCConfigurationList;
			buildConfigurations = (
				F3D7BC2D1B99CC130020165C /* Debug */,
				F3D7BC2E1B99CC130020165C /* Release */,
			);
			defaultConfigurationIsVisible = 0;
		};
		F3D7BC2F1B99CC130020165C /* Build configuration list for PBXNativeTarget "Test_TableViewTests" */ = {
			isa = XCConfigurationList;
			buildConfigurations = (
				F3D7BC301B99CC130020165C /* Debug */,
				F3D7BC311B99CC130020165C /* Release */,
			);
			defaultConfigurationIsVisible = 0;
		};
/* End XCConfigurationList section */
	};
	rootObject = F3D7BC051B99CC130020165C /* Project object */;
}
